<?xml version="1.0" encoding="utf-8"?>
<Project ToolsVersion="4.0" xmlns="http://schemas.microsoft.com/developer/msbuild/2003">
  <ItemGroup>
    <ClCompile Include="BreakoutProject.cpp" />
    <ClCompile Include="Vec2d.cpp">
      <Filter>Math</Filter>
    </ClCompile>
    <ClCompile Include="GameScreen.cpp">
      <Filter>Screens</Filter>
    </ClCompile>
    <ClCompile Include="Screen.cpp">
      <Filter>Screens</Filter>
    </ClCompile>
    <ClCompile Include="TitleScreen.cpp">
      <Filter>Screens</Filter>
    </ClCompile>
    <ClCompile Include="ParticleExample.cpp">
      <Filter>Particles</Filter>
    </ClCompile>
    <ClCompile Include="ParticleSystem.cpp">
      <Filter>Particles</Filter>
    </ClCompile>
    <ClCompile Include="Curve.cpp">
      <Filter>Math</Filter>
    </ClCompile>
    <ClCompile Include="Texture.cpp">
      <Filter>Utils</Filter>
    </ClCompile>
    <ClCompile Include="Signal.cpp">
      <Filter>Utils</Filter>
    </ClCompile>
    <ClCompile Include="GlobalConfig.cpp">
      <Filter>Utils</Filter>
    </ClCompile>
  </ItemGroup>
  <ItemGroup>
    <ClInclude Include="Vec2d.h">
      <Filter>Math</Filter>
    </ClInclude>
    <ClInclude Include="GameScreen.h">
      <Filter>Screens</Filter>
    </ClInclude>
    <ClInclude Include="Screen.h">
      <Filter>Screens</Filter>
    </ClInclude>
    <ClInclude Include="TitleScreen.h">
      <Filter>Screens</Filter>
    </ClInclude>
    <ClInclude Include="ParticleSystem.h">
      <Filter>Particles</Filter>
    </ClInclude>
    <ClInclude Include="ParticleExample.h">
      <Filter>Particles</Filter>
    </ClInclude>
    <ClInclude Include="Curve.h">
      <Filter>Math</Filter>
    </ClInclude>
    <ClInclude Include="Texture.h">
      <Filter>Utils</Filter>
    </ClInclude>
    <ClInclude Include="Signal.h">
      <Filter>Utils</Filter>
    </ClInclude>
    <ClInclude Include="GlobalConfig.h">
      <Filter>Utils</Filter>
    </ClInclude>
  </ItemGroup>
  <ItemGroup>
    <Filter Include="Math">
      <UniqueIdentifier>{4e4e4100-c3b7-4d85-a1bd-f304be3b0887}</UniqueIdentifier>
    </Filter>
    <Filter Include="Screens">
      <UniqueIdentifier>{7b1e56f8-6821-48de-8f4a-468299b6a6cb}</UniqueIdentifier>
    </Filter>
    <Filter Include="Particles">
      <UniqueIdentifier>{a611f197-34d1-49aa-ad6e-838d4ca8601f}</UniqueIdentifier>
    </Filter>
    <Filter Include="Utils">
      <UniqueIdentifier>{104e0e03-2213-427c-b1e5-f6748ff801cc}</UniqueIdentifier>
    </Filter>
  </ItemGroup>
</Project>